
Microsoft Visual Studio Solution File, Format Version 11.00
# Visual C# Express 2010
Project("{FAE04EC0-301F-11D3-BF4B-00C04F79EFBC}") = "rtl1090XHSI", "rtl1090XHSI\rtl1090XHSI.csproj", "{3ED44252-986C-449B-85BB-E79E7F77B995}"
EndProject
Global
	GlobalSection(SolutionConfigurationPlatforms) = preSolution
		Debug|x86 = Debug|x86
		Release|x86 = Release|x86
	EndGlobalSection
	GlobalSection(ProjectConfigurationPlatforms) = postSolution
		{3ED44252-986C-449B-85BB-E79E7F77B995}.Debug|x86.ActiveCfg = Debug|x86
		{3ED44252-986C-449B-85BB-E79E7F77B995}.Debug|x86.Build.0 = Debug|x86
		{3ED44252-986C-449B-85BB-E79E7F77B995}.Release|x86.ActiveCfg = Release|x86
		{3ED44252-986C-449B-85BB-E79E7F77B995}.Release|x86.Build.0 = Release|x86
	EndGlobalSection
	GlobalSection(SolutionProperties) = preSolution
		HideSolutionNode = FALSE
	EndGlobalSection
EndGlobal
